// !$*UTF8*$!
{
	archiveVersion = 1;
	classes = {
	};
	objectVersion = 46;
	objects = {

/* Begin PBXBuildFile section */
		04FD38091C9A797200A13285 /* AppDelegate.swift in Sources */ = {isa = PBXBuildFile; fileRef = 04FD38081C9A797200A13285 /* AppDelegate.swift */; };
		04FD380B1C9A797200A13285 /* ViewController.swift in Sources */ = {isa = PBXBuildFile; fileRef = 04FD380A1C9A797200A13285 /* ViewController.swift */; };
		04FD380E1C9A797200A13285 /* Main.storyboard in Resources */ = {isa = PBXBuildFile; fileRef = 04FD380C1C9A797200A13285 /* Main.storyboard */; };
		04FD38101C9A797200A13285 /* Assets.xcassets in Resources */ = {isa = PBXBuildFile; fileRef = 04FD380F1C9A797200A13285 /* Assets.xcassets */; };
		04FD38131C9A797200A13285 /* LaunchScreen.storyboard in Resources */ = {isa = PBXBuildFile; fileRef = 04FD38111C9A797200A13285 /* LaunchScreen.storyboard */; };
		04FD381E1C9A797200A13285 /* GuessNumberTests.swift in Sources */ = {isa = PBXBuildFile; fileRef = 04FD381D1C9A797200A13285 /* GuessNumberTests.swift */; };
		04FD38291C9A797200A13285 /* GuessNumberUITests.swift in Sources */ = {isa = PBXBuildFile; fileRef = 04FD38281C9A797200A13285 /* GuessNumberUITests.swift */; };
/* End PBXBuildFile section */

/* Begin PBXContainerItemProxy section */
		04FD381A1C9A797200A13285 /* PBXContainerItemProxy */ = {
			isa = PBXContainerItemProxy;
			containerPortal = 04FD37FD1C9A797200A13285 /* Project object */;
			proxyType = 1;
			remoteGlobalIDString = 04FD38041C9A797200A13285;
			remoteInfo = GuessNumber;
		};
		04FD38251C9A797200A13285 /* PBXContainerItemProxy */ = {
			isa = PBXContainerItemProxy;
			containerPortal = 04FD37FD1C9A797200A13285 /* Project object */;
			proxyType = 1;
			remoteGlobalIDString = 04FD38041C9A797200A13285;
			remoteInfo = GuessNumber;
		};
/* End PBXContainerItemProxy section */

/* Begin PBXFileReference section */
		04FD38051C9A797200A13285 /* GuessNumber.app */ = {isa = PBXFileReference; explicitFileType = wrapper.application; includeInIndex = 0; path = GuessNumber.app; sourceTree = BUILT_PRODUCTS_DIR; };
		04FD38081C9A797200A13285 /* AppDelegate.swift */ = {isa = PBXFileReference; lastKnownFileType = sourcecode.swift; path = AppDelegate.swift; sourceTree = "<group>"; };
		04FD380A1C9A797200A13285 /* ViewController.swift */ = {isa = PBXFileReference; lastKnownFileType = sourcecode.swift; path = ViewController.swift; sourceTree = "<group>"; };
		04FD380D1C9A797200A13285 /* Base */ = {isa = PBXFileReference; lastKnownFileType = file.storyboard; name = Base; path = Base.lproj/Main.storyboard; sourceTree = "<group>"; };
		04FD380F1C9A797200A13285 /* Assets.xcassets */ = {isa = PBXFileReference; lastKnownFileType = folder.assetcatalog; path = Assets.xcassets; sourceTree = "<group>"; };
		04FD38121C9A797200A13285 /* Base */ = {isa = PBXFileReference; lastKnownFileType = file.storyboard; name = Base; path = Base.lproj/LaunchScreen.storyboard; sourceTree = "<group>"; };
		04FD38141C9A797200A13285 /* Info.plist */ = {isa = PBXFileReference; lastKnownFileType = text.plist.xml; path = Info.plist; sourceTree = "<group>"; };
		04FD38191C9A797200A13285 /* GuessNumberTests.xctest */ = {isa = PBXFileReference; explicitFileType = wrapper.cfbundle; includeInIndex = 0; path = GuessNumberTests.xctest; sourceTree = BUILT_PRODUCTS_DIR; };
		04FD381D1C9A797200A13285 /* GuessNumberTests.swift */ = {isa = PBXFileReference; lastKnownFileType = sourcecode.swift; path = GuessNumberTests.swift; sourceTree = "<group>"; };
		04FD381F1C9A797200A13285 /* Info.plist */ = {isa = PBXFileReference; lastKnownFileType = text.plist.xml; path = Info.plist; sourceTree = "<group>"; };
		04FD38241C9A797200A13285 /* GuessNumberUITests.xctest */ = {isa = PBXFileReference; explicitFileType = wrapper.cfbundle; includeInIndex = 0; path = GuessNumberUITests.xctest; sourceTree = BUILT_PRODUCTS_DIR; };
		04FD38281C9A797200A13285 /* GuessNumberUITests.swift */ = {isa = PBXFileReference; lastKnownFileType = sourcecode.swift; path = GuessNumberUITests.swift; sourceTree = "<group>"; };
		04FD382A1C9A797200A13285 /* Info.plist */ = {isa = PBXFileReference; lastKnownFileType = text.plist.xml; path = Info.plist; sourceTree = "<group>"; };
/* End PBXFileReference section */

/* Begin PBXFrameworksBuildPhase section */
		04FD38021C9A797200A13285 /* Frameworks */ = {
			isa = PBXFrameworksBuildPhase;
			buildActionMask = 2147483647;
			files = (
			);
			runOnlyForDeploymentPostprocessing = 0;
		};
		04FD38161C9A797200A13285 /* Frameworks */ = {
			isa = PBXFrameworksBuildPhase;
			buildActionMask = 2147483647;
			files = (
			);
			runOnlyForDeploymentPostprocessing = 0;
		};
		04FD38211C9A797200A13285 /* Frameworks */ = {
			isa = PBXFrameworksBuildPhase;
			buildActionMask = 2147483647;
			files = (
			);
			runOnlyForDeploymentPostprocessing = 0;
		};
/* End PBXFrameworksBuildPhase section */

/* Begin PBXGroup section */
		04FD37FC1C9A797200A13285 = {
			isa = PBXGroup;
			children = (
				04FD38071C9A797200A13285 /* GuessNumber */,
				04FD381C1C9A797200A13285 /* GuessNumberTests */,
				04FD38271C9A797200A13285 /* GuessNumberUITests */,
				04FD38061C9A797200A13285 /* Products */,
			);
			sourceTree = "<group>";
		};
		04FD38061C9A797200A13285 /* Products */ = {
			isa = PBXGroup;
			children = (
				04FD38051C9A797200A13285 /* GuessNumber.app */,
				04FD38191C9A797200A13285 /* GuessNumberTests.xctest */,
				04FD38241C9A797200A13285 /* GuessNumberUITests.xctest */,
			);
			name = Products;
			sourceTree = "<group>";
		};
		04FD38071C9A797200A13285 /* GuessNumber */ = {
			isa = PBXGroup;
			children = (
				04FD38081C9A797200A13285 /* AppDelegate.swift */,
				04FD380A1C9A797200A13285 /* ViewController.swift */,
				04FD380C1C9A797200A13285 /* Main.storyboard */,
				04FD380F1C9A797200A13285 /* Assets.xcassets */,
				04FD38111C9A797200A13285 /* LaunchScreen.storyboard */,
				04FD38141C9A797200A13285 /* Info.plist */,
			);
			path = GuessNumber;
			sourceTree = "<group>";
		};
		04FD381C1C9A797200A13285 /* GuessNumberTests */ = {
			isa = PBXGroup;
			children = (
				04FD381D1C9A797200A13285 /* GuessNumberTests.swift */,
				04FD381F1C9A797200A13285 /* Info.plist */,
			);
			path = GuessNumberTests;
			sourceTree = "<group>";
		};
		04FD38271C9A797200A13285 /* GuessNumberUITests */ = {
			isa = PBXGroup;
			children = (
				04FD38281C9A797200A13285 /* GuessNumberUITests.swift */,
				04FD382A1C9A797200A13285 /* Info.plist */,
			);
			path = GuessNumberUITests;
			sourceTree = "<group>";
		};
/* End PBXGroup section */

/* Begin PBXNativeTarget section */
		04FD38041C9A797200A13285 /* GuessNumber */ = {
			isa = PBXNativeTarget;
			buildConfigurationList = 04FD382D1C9A797200A13285 /* Build configuration list for PBXNativeTarget "GuessNumber" */;
			buildPhases = (
				04FD38011C9A797200A13285 /* Sources */,
				04FD38021C9A797200A13285 /* Frameworks */,
				04FD38031C9A797200A13285 /* Resources */,
			);
			buildRules = (
			);
			dependencies = (
			);
			name = GuessNumber;
			productName = GuessNumber;
			productReference = 04FD38051C9A797200A13285 /* GuessNumber.app */;
			productType = "com.apple.product-type.application";
		};
		04FD38181C9A797200A13285 /* GuessNumberTests */ = {
			isa = PBXNativeTarget;
			buildConfigurationList = 04FD38301C9A797200A13285 /* Build configuration list for PBXNativeTarget "GuessNumberTests" */;
			buildPhases = (
				04FD38151C9A797200A13285 /* Sources */,
				04FD38161C9A797200A13285 /* Frameworks */,
				04FD38171C9A797200A13285 /* Resources */,
			);
			buildRules = (
			);
			dependencies = (
				04FD381B1C9A797200A13285 /* PBXTargetDependency */,
			);
			name = GuessNumberTests;
			productName = GuessNumberTests;
			productReference = 04FD38191C9A797200A13285 /* GuessNumberTests.xctest */;
			productType = "com.apple.product-type.bundle.unit-test";
		};
		04FD38231C9A797200A13285 /* GuessNumberUITests */ = {
			isa = PBXNativeTarget;
			buildConfigurationList = 04FD38331C9A797200A13285 /* Build configuration list for PBXNativeTarget "GuessNumberUITests" */;
			buildPhases = (
				04FD38201C9A797200A13285 /* Sources */,
				04FD38211C9A797200A13285 /* Frameworks */,
				04FD38221C9A797200A13285 /* Resources */,
			);
			buildRules = (
			);
			dependencies = (
				04FD38261C9A797200A13285 /* PBXTargetDependency */,
			);
			name = GuessNumberUITests;
			productName = GuessNumberUITests;
			productReference = 04FD38241C9A797200A13285 /* GuessNumberUITests.xctest */;
			productType = "com.apple.product-type.bundle.ui-testing";
		};
/* End PBXNativeTarget section */

/* Begin PBXProject section */
		04FD37FD1C9A797200A13285 /* Project object */ = {
			isa = PBXProject;
			attributes = {
				LastSwiftUpdateCheck = 0720;
				LastUpgradeCheck = 0720;
				ORGANIZATIONNAME = Jack;
				TargetAttributes = {
					04FD38041C9A797200A13285 = {
						CreatedOnToolsVersion = 7.2.1;
					};
					04FD38181C9A797200A13285 = {
						CreatedOnToolsVersion = 7.2.1;
						TestTargetID = 04FD38041C9A797200A13285;
					};
					04FD38231C9A797200A13285 = {
						CreatedOnToolsVersion = 7.2.1;
						TestTargetID = 04FD38041C9A797200A13285;
					};
				};
			};
			buildConfigurationList = 04FD38001C9A797200A13285 /* Build configuration list for PBXProject "GuessNumber" */;
			compatibilityVersion = "Xcode 3.2";
			developmentRegion = English;
			hasScannedForEncodings = 0;
			knownRegions = (
				en,
				Base,
			);
			mainGroup = 04FD37FC1C9A797200A13285;
			productRefGroup = 04FD38061C9A797200A13285 /* Products */;
			projectDirPath = "";
			projectRoot = "";
			targets = (
				04FD38041C9A797200A13285 /* GuessNumber */,
				04FD38181C9A797200A13285 /* GuessNumberTests */,
				04FD38231C9A797200A13285 /* GuessNumberUITests */,
			);
		};
/* End PBXProject section */

/* Begin PBXResourcesBuildPhase section */
		04FD38031C9A797200A13285 /* Resources */ = {
			isa = PBXResourcesBuildPhase;
			buildActionMask = 2147483647;
			files = (
				04FD38131C9A797200A13285 /* LaunchScreen.storyboard in Resources */,
				04FD38101C9A797200A13285 /* Assets.xcassets in Resources */,
				04FD380E1C9A797200A13285 /* Main.storyboard in Resources */,
			);
			runOnlyForDeploymentPostprocessing = 0;
		};
		04FD38171C9A797200A13285 /* Resources */ = {
			isa = PBXResourcesBuildPhase;
			buildActionMask = 2147483647;
			files = (
			);
			runOnlyForDeploymentPostprocessing = 0;
		};
		04FD38221C9A797200A13285 /* Resources */ = {
			isa = PBXResourcesBuildPhase;
			buildActionMask = 2147483647;
			files = (
			);
			runOnlyForDeploymentPostprocessing = 0;
		};
/* End PBXResourcesBuildPhase section */

/* Begin PBXSourcesBuildPhase section */
		04FD38011C9A797200A13285 /* Sources */ = {
			isa = PBXSourcesBuildPhase;
			buildActionMask = 2147483647;
			files = (
				04FD380B1C9A797200A13285 /* ViewController.swift in Sources */,
				04FD38091C9A797200A13285 /* AppDelegate.swift in Sources */,
			);
			runOnlyForDeploymentPostprocessing = 0;
		};
		04FD38151C9A797200A13285 /* Sources */ = {
			isa = PBXSourcesBuildPhase;
			buildActionMask = 2147483647;
			files = (
				04FD381E1C9A797200A13285 /* GuessNumberTests.swift in Sources */,
			);
			runOnlyForDeploymentPostprocessing = 0;
		};
		04FD38201C9A797200A13285 /* Sources */ = {
			isa = PBXSourcesBuildPhase;
			buildActionMask = 2147483647;
			files = (
				04FD38291C9A797200A13285 /* GuessNumberUITests.swift in Sources */,
			);
			runOnlyForDeploymentPostprocessing = 0;
		};
/* End PBXSourcesBuildPhase section */

/* Begin PBXTargetDependency section */
		04FD381B1C9A797200A13285 /* PBXTargetDependency */ = {
			isa = PBXTargetDependency;
			target = 04FD38041C9A797200A13285 /* GuessNumber */;
			targetProxy = 04FD381A1C9A797200A13285 /* PBXContainerItemProxy */;
		};
		04FD38261C9A797200A13285 /* PBXTargetDependency */ = {
			isa = PBXTargetDependency;
			target = 04FD38041C9A797200A13285 /* GuessNumber */;
			targetProxy = 04FD38251C9A797200A13285 /* PBXContainerItemProxy */;
		};
/* End PBXTargetDependency section */

/* Begin PBXVariantGroup section */
		04FD380C1C9A797200A13285 /* Main.storyboard */ = {
			isa = PBXVariantGroup;
			children = (
				04FD380D1C9A797200A13285 /* Base */,
			);
			name = Main.storyboard;
			sourceTree = "<group>";
		};
		04FD38111C9A797200A13285 /* LaunchScreen.storyboard */ = {
			isa = PBXVariantGroup;
			children = (
				04FD38121C9A797200A13285 /* Base */,
			);
			name = LaunchScreen.storyboard;
			sourceTree = "<group>";
		};
/* End PBXVariantGroup section */

/* Begin XCBuildConfiguration section */
		04FD382B1C9A797200A13285 /* Debug */ = {
			isa = XCBuildConfiguration;
			buildSettings = {
				ALWAYS_SEARCH_USER_PATHS = NO;
				CLANG_CXX_LANGUAGE_STANDARD = "gnu++0x";
				CLANG_CXX_LIBRARY = "libc++";
				CLANG_ENABLE_MODULES = YES;
				CLANG_ENABLE_OBJC_ARC = YES;
				CLANG_WARN_BOOL_CONVERSION = YES;
				CLANG_WARN_CONSTANT_CONVERSION = YES;
				CLANG_WARN_DIRECT_OBJC_ISA_USAGE = YES_ERROR;
				CLANG_WARN_EMPTY_BODY = YES;
				CLANG_WARN_ENUM_CONVERSION = YES;
				CLANG_WARN_INT_CONVERSION = YES;
				CLANG_WARN_OBJC_ROOT_CLASS = YES_ERROR;
				CLANG_WARN_UNREACHABLE_CODE = YES;
				CLANG_WARN__DUPLICATE_METHOD_MATCH = YES;
				"CODE_SIGN_IDENTITY[sdk=iphoneos*]" = "iPhone Developer";
				COPY_PHASE_STRIP = NO;
				DEBUG_INFORMATION_FORMAT = dwarf;
				ENABLE_STRICT_OBJC_MSGSEND = YES;
				ENABLE_TESTABILITY = YES;
				GCC_C_LANGUAGE_STANDARD = gnu99;
				GCC_DYNAMIC_NO_PIC = NO;
				GCC_NO_COMMON_BLOCKS = YES;
				GCC_OPTIMIZATION_LEVEL = 0;
				GCC_PREPROCESSOR_DEFINITIONS = (
					"DEBUG=1",
					"$(inherited)",
				);
				GCC_WARN_64_TO_32_BIT_CONVERSION = YES;
				GCC_WARN_ABOUT_RETURN_TYPE = YES_ERROR;
				GCC_WARN_UNDECLARED_SELECTOR = YES;
				GCC_WARN_UNINITIALIZED_AUTOS = YES_AGGRESSIVE;
				GCC_WARN_UNUSED_FUNCTION = YES;
				GCC_WARN_UNUSED_VARIABLE = YES;
				IPHONEOS_DEPLOYMENT_TARGET = 9.2;
				MTL_ENABLE_DEBUG_INFO = YES;
				ONLY_ACTIVE_ARCH = YES;
				SDKROOT = iphoneos;
				SWIFT_OPTIMIZATION_LEVEL = "-Onone";
				TARGETED_DEVICE_FAMILY = "1,2";
			};
			name = Debug;
		};
		04FD382C1C9A797200A13285 /* Release */ = {
			isa = XCBuildConfiguration;
			buildSettings = {
				ALWAYS_SEARCH_USER_PATHS = NO;
				CLANG_CXX_LANGUAGE_STANDARD = "gnu++0x";
				CLANG_CXX_LIBRARY = "libc++";
				CLANG_ENABLE_MODULES = YES;
				CLANG_ENABLE_OBJC_ARC = YES;
				CLANG_WARN_BOOL_CONVERSION = YES;
				CLANG_WARN_CONSTANT_CONVERSION = YES;
				CLANG_WARN_DIRECT_OBJC_ISA_USAGE = YES_ERROR;
				CLANG_WARN_EMPTY_BODY = YES;
				CLANG_WARN_ENUM_CONVERSION = YES;
				CLANG_WARN_INT_CONVERSION = YES;
				CLANG_WARN_OBJC_ROOT_CLASS = YES_ERROR;
				CLANG_WARN_UNREACHABLE_CODE = YES;
				CLANG_WARN__DUPLICATE_METHOD_MATCH = YES;
				"CODE_SIGN_IDENTITY[sdk=iphoneos*]" = "iPhone Developer";
				COPY_PHASE_STRIP = NO;
				DEBUG_INFORMATION_FORMAT = "dwarf-with-dsym";
				ENABLE_NS_ASSERTIONS = NO;
				ENABLE_STRICT_OBJC_MSGSEND = YES;
				GCC_C_LANGUAGE_STANDARD = gnu99;
				GCC_NO_COMMON_BLOCKS = YES;
				GCC_WARN_64_TO_32_BIT_CONVERSION = YES;
				GCC_WARN_ABOUT_RETURN_TYPE = YES_ERROR;
				GCC_WARN_UNDECLARED_SELECTOR = YES;
				GCC_WARN_UNINITIALIZED_AUTOS = YES_AGGRESSIVE;
				GCC_WARN_UNUSED_FUNCTION = YES;
				GCC_WARN_UNUSED_VARIABLE = YES;
				IPHONEOS_DEPLOYMENT_TARGET = 9.2;
				MTL_ENABLE_DEBUG_INFO = NO;
				SDKROOT = iphoneos;
				TARGETED_DEVICE_FAMILY = "1,2";
				VALIDATE_PRODUCT = YES;
			};
			name = Release;
		};
		04FD382E1C9A797200A13285 /* Debug */ = {
			isa = XCBuildConfiguration;
			buildSettings = {
				ASSETCATALOG_COMPILER_APPICON_NAME = AppIcon;
				INFOPLIST_FILE = GuessNumber/Info.plist;
				LD_RUNPATH_SEARCH_PATHS = "$(inherited) @executable_path/Frameworks";
				PRODUCT_BUNDLE_IDENTIFIER = me.jakir.GuessNumber;
				PRODUCT_NAME = "$(TARGET_NAME)";
			};
			name = Debug;
		};
		04FD382F1C9A797200A13285 /* Release */ = {
			isa = XCBuildConfiguration;
			buildSettings = {
				ASSETCATALOG_COMPILER_APPICON_NAME = AppIcon;
				INFOPLIST_FILE = GuessNumber/Info.plist;
				LD_RUNPATH_SEARCH_PATHS = "$(inherited) @executable_path/Frameworks";
				PRODUCT_BUNDLE_IDENTIFIER = me.jakir.GuessNumber;
				PRODUCT_NAME = "$(TARGET_NAME)";
			};
			name = Release;
		};
		04FD38311C9A797200A13285 /* Debug */ = {
			isa = XCBuildConfiguration;
			buildSettings = {
				BUNDLE_LOADER = "$(TEST_HOST)";
				INFOPLIST_FILE = GuessNumberTests/Info.plist;
				LD_RUNPATH_SEARCH_PATHS = "$(inherited) @executable_path/Frameworks @loader_path/Frameworks";
				PRODUCT_BUNDLE_IDENTIFIER = me.jakir.GuessNumberTests;
				PRODUCT_NAME = "$(TARGET_NAME)";
				TEST_HOST = "$(BUILT_PRODUCTS_DIR)/GuessNumber.app/GuessNumber";
			};
			name = Debug;
		};
		04FD38321C9A797200A13285 /* Release */ = {
			isa = XCBuildConfiguration;
			buildSettings = {
				BUNDLE_LOADER = "$(TEST_HOST)";
				INFOPLIST_FILE = GuessNumberTests/Info.plist;
				LD_RUNPATH_SEARCH_PATHS = "$(inherited) @executable_path/Frameworks @loader_path/Frameworks";
				PRODUCT_BUNDLE_IDENTIFIER = me.jakir.GuessNumberTests;
				PRODUCT_NAME = "$(TARGET_NAME)";
				TEST_HOST = "$(BUILT_PRODUCTS_DIR)/GuessNumber.app/GuessNumber";
			};
			name = Release;
		};
		04FD38341C9A797200A13285 /* Debug */ = {
			isa = XCBuildConfiguration;
			buildSettings = {
				INFOPLIST_FILE = GuessNumberUITests/Info.plist;
				LD_RUNPATH_SEARCH_PATHS = "$(inherited) @executable_path/Frameworks @loader_path/Frameworks";
				PRODUCT_BUNDLE_IDENTIFIER = me.jakir.GuessNumberUITests;
				PRODUCT_NAME = "$(TARGET_NAME)";
				TEST_TARGET_NAME = GuessNumber;
				USES_XCTRUNNER = YES;
			};
			name = Debug;
		};
		04FD38351C9A797200A13285 /* Release */ = {
			isa = XCBuildConfiguration;
			buildSettings = {
				INFOPLIST_FILE = GuessNumberUITests/Info.plist;
				LD_RUNPATH_SEARCH_PATHS = "$(inherited) @executable_path/Frameworks @loader_path/Frameworks";
				PRODUCT_BUNDLE_IDENTIFIER = me.jakir.GuessNumberUITests;
				PRODUCT_NAME = "$(TARGET_NAME)";
				TEST_TARGET_NAME = GuessNumber;
				USES_XCTRUNNER = YES;
			};
			name = Release;
		};
/* End XCBuildConfiguration section */

/* Begin XCConfigurationList section */
		04FD38001C9A797200A13285 /* Build configuration list for PBXProject "GuessNumber" */ = {
			isa = XCConfigurationList;
			buildConfigurations = (
				04FD382B1C9A797200A13285 /* Debug */,
				04FD382C1C9A797200A13285 /* Release */,
			);
			defaultConfigurationIsVisible = 0;
			defaultConfigurationName = Release;
		};
		04FD382D1C9A797200A13285 /* Build configuration list for PBXNativeTarget "GuessNumber" */ = {
			isa = XCConfigurationList;
			buildConfigurations = (
				04FD382E1C9A797200A13285 /* Debug */,
				04FD382F1C9A797200A13285 /* Release */,
			);
			defaultConfigurationIsVisible = 0;
		};
		04FD38301C9A797200A13285 /* Build configuration list for PBXNativeTarget "GuessNumberTests" */ = {
			isa = XCConfigurationList;
			buildConfigurations = (
				04FD38311C9A797200A13285 /* Debug */,
				04FD38321C9A797200A13285 /* Release */,
			);
			defaultConfigurationIsVisible = 0;
		};
		04FD38331C9A797200A13285 /* Build configuration list for PBXNativeTarget "GuessNumberUITests" */ = {
			isa = XCConfigurationList;
			buildConfigurations = (
				04FD38341C9A797200A13285 /* Debug */,
				04FD38351C9A797200A13285 /* Release */,
			);
			defaultConfigurationIsVisible = 0;
		};
/* End XCConfigurationList section */
	};
	rootObject = 04FD37FD1C9A797200A13285 /* Project object */;
}
