// !$*UTF8*$!
{
	archiveVersion = 1;
	classes = {
	};
	objectVersion = 46;
	objects = {

/* Begin PBXBuildFile section */
		04FF66F71CB2315700963529 /* AppDelegate.swift in Sources */ = {isa = PBXBuildFile; fileRef = 04FF66F61CB2315700963529 /* AppDelegate.swift */; };
		04FF66F91CB2315700963529 /* ViewController.swift in Sources */ = {isa = PBXBuildFile; fileRef = 04FF66F81CB2315700963529 /* ViewController.swift */; };
		04FF66FC1CB2315700963529 /* Main.storyboard in Resources */ = {isa = PBXBuildFile; fileRef = 04FF66FA1CB2315700963529 /* Main.storyboard */; };
		04FF66FE1CB2315700963529 /* Assets.xcassets in Resources */ = {isa = PBXBuildFile; fileRef = 04FF66FD1CB2315700963529 /* Assets.xcassets */; };
		04FF67011CB2315700963529 /* LaunchScreen.storyboard in Resources */ = {isa = PBXBuildFile; fileRef = 04FF66FF1CB2315700963529 /* LaunchScreen.storyboard */; };
		04FF670C1CB2315700963529 /* Multiple_ViewsTests.swift in Sources */ = {isa = PBXBuildFile; fileRef = 04FF670B1CB2315700963529 /* Multiple_ViewsTests.swift */; };
		04FF67171CB2315700963529 /* Multiple_ViewsUITests.swift in Sources */ = {isa = PBXBuildFile; fileRef = 04FF67161CB2315700963529 /* Multiple_ViewsUITests.swift */; };
		04FF67251CB23EA000963529 /* ViewController2.swift in Sources */ = {isa = PBXBuildFile; fileRef = 04FF67241CB23EA000963529 /* ViewController2.swift */; };
/* End PBXBuildFile section */

/* Begin PBXContainerItemProxy section */
		04FF67081CB2315700963529 /* PBXContainerItemProxy */ = {
			isa = PBXContainerItemProxy;
			containerPortal = 04FF66EB1CB2315700963529 /* Project object */;
			proxyType = 1;
			remoteGlobalIDString = 04FF66F21CB2315700963529;
			remoteInfo = "Multiple Views";
		};
		04FF67131CB2315700963529 /* PBXContainerItemProxy */ = {
			isa = PBXContainerItemProxy;
			containerPortal = 04FF66EB1CB2315700963529 /* Project object */;
			proxyType = 1;
			remoteGlobalIDString = 04FF66F21CB2315700963529;
			remoteInfo = "Multiple Views";
		};
/* End PBXContainerItemProxy section */

/* Begin PBXFileReference section */
		04FF66F31CB2315700963529 /* Multiple Views.app */ = {isa = PBXFileReference; explicitFileType = wrapper.application; includeInIndex = 0; path = "Multiple Views.app"; sourceTree = BUILT_PRODUCTS_DIR; };
		04FF66F61CB2315700963529 /* AppDelegate.swift */ = {isa = PBXFileReference; lastKnownFileType = sourcecode.swift; path = AppDelegate.swift; sourceTree = "<group>"; };
		04FF66F81CB2315700963529 /* ViewController.swift */ = {isa = PBXFileReference; lastKnownFileType = sourcecode.swift; path = ViewController.swift; sourceTree = "<group>"; };
		04FF66FB1CB2315700963529 /* Base */ = {isa = PBXFileReference; lastKnownFileType = file.storyboard; name = Base; path = Base.lproj/Main.storyboard; sourceTree = "<group>"; };
		04FF66FD1CB2315700963529 /* Assets.xcassets */ = {isa = PBXFileReference; lastKnownFileType = folder.assetcatalog; path = Assets.xcassets; sourceTree = "<group>"; };
		04FF67001CB2315700963529 /* Base */ = {isa = PBXFileReference; lastKnownFileType = file.storyboard; name = Base; path = Base.lproj/LaunchScreen.storyboard; sourceTree = "<group>"; };
		04FF67021CB2315700963529 /* Info.plist */ = {isa = PBXFileReference; lastKnownFileType = text.plist.xml; path = Info.plist; sourceTree = "<group>"; };
		04FF67071CB2315700963529 /* Multiple ViewsTests.xctest */ = {isa = PBXFileReference; explicitFileType = wrapper.cfbundle; includeInIndex = 0; path = "Multiple ViewsTests.xctest"; sourceTree = BUILT_PRODUCTS_DIR; };
		04FF670B1CB2315700963529 /* Multiple_ViewsTests.swift */ = {isa = PBXFileReference; lastKnownFileType = sourcecode.swift; path = Multiple_ViewsTests.swift; sourceTree = "<group>"; };
		04FF670D1CB2315700963529 /* Info.plist */ = {isa = PBXFileReference; lastKnownFileType = text.plist.xml; path = Info.plist; sourceTree = "<group>"; };
		04FF67121CB2315700963529 /* Multiple ViewsUITests.xctest */ = {isa = PBXFileReference; explicitFileType = wrapper.cfbundle; includeInIndex = 0; path = "Multiple ViewsUITests.xctest"; sourceTree = BUILT_PRODUCTS_DIR; };
		04FF67161CB2315700963529 /* Multiple_ViewsUITests.swift */ = {isa = PBXFileReference; lastKnownFileType = sourcecode.swift; path = Multiple_ViewsUITests.swift; sourceTree = "<group>"; };
		04FF67181CB2315700963529 /* Info.plist */ = {isa = PBXFileReference; lastKnownFileType = text.plist.xml; path = Info.plist; sourceTree = "<group>"; };
		04FF67241CB23EA000963529 /* ViewController2.swift */ = {isa = PBXFileReference; fileEncoding = 4; lastKnownFileType = sourcecode.swift; path = ViewController2.swift; sourceTree = "<group>"; };
/* End PBXFileReference section */

/* Begin PBXFrameworksBuildPhase section */
		04FF66F01CB2315700963529 /* Frameworks */ = {
			isa = PBXFrameworksBuildPhase;
			buildActionMask = 2147483647;
			files = (
			);
			runOnlyForDeploymentPostprocessing = 0;
		};
		04FF67041CB2315700963529 /* Frameworks */ = {
			isa = PBXFrameworksBuildPhase;
			buildActionMask = 2147483647;
			files = (
			);
			runOnlyForDeploymentPostprocessing = 0;
		};
		04FF670F1CB2315700963529 /* Frameworks */ = {
			isa = PBXFrameworksBuildPhase;
			buildActionMask = 2147483647;
			files = (
			);
			runOnlyForDeploymentPostprocessing = 0;
		};
/* End PBXFrameworksBuildPhase section */

/* Begin PBXGroup section */
		04FF66EA1CB2315700963529 = {
			isa = PBXGroup;
			children = (
				04FF66F51CB2315700963529 /* Multiple Views */,
				04FF670A1CB2315700963529 /* Multiple ViewsTests */,
				04FF67151CB2315700963529 /* Multiple ViewsUITests */,
				04FF66F41CB2315700963529 /* Products */,
			);
			sourceTree = "<group>";
		};
		04FF66F41CB2315700963529 /* Products */ = {
			isa = PBXGroup;
			children = (
				04FF66F31CB2315700963529 /* Multiple Views.app */,
				04FF67071CB2315700963529 /* Multiple ViewsTests.xctest */,
				04FF67121CB2315700963529 /* Multiple ViewsUITests.xctest */,
			);
			name = Products;
			sourceTree = "<group>";
		};
		04FF66F51CB2315700963529 /* Multiple Views */ = {
			isa = PBXGroup;
			children = (
				04FF66F61CB2315700963529 /* AppDelegate.swift */,
				04FF66F81CB2315700963529 /* ViewController.swift */,
				04FF66FA1CB2315700963529 /* Main.storyboard */,
				04FF67241CB23EA000963529 /* ViewController2.swift */,
				04FF66FD1CB2315700963529 /* Assets.xcassets */,
				04FF66FF1CB2315700963529 /* LaunchScreen.storyboard */,
				04FF67021CB2315700963529 /* Info.plist */,
			);
			path = "Multiple Views";
			sourceTree = "<group>";
		};
		04FF670A1CB2315700963529 /* Multiple ViewsTests */ = {
			isa = PBXGroup;
			children = (
				04FF670B1CB2315700963529 /* Multiple_ViewsTests.swift */,
				04FF670D1CB2315700963529 /* Info.plist */,
			);
			path = "Multiple ViewsTests";
			sourceTree = "<group>";
		};
		04FF67151CB2315700963529 /* Multiple ViewsUITests */ = {
			isa = PBXGroup;
			children = (
				04FF67161CB2315700963529 /* Multiple_ViewsUITests.swift */,
				04FF67181CB2315700963529 /* Info.plist */,
			);
			path = "Multiple ViewsUITests";
			sourceTree = "<group>";
		};
/* End PBXGroup section */

/* Begin PBXNativeTarget section */
		04FF66F21CB2315700963529 /* Multiple Views */ = {
			isa = PBXNativeTarget;
			buildConfigurationList = 04FF671B1CB2315700963529 /* Build configuration list for PBXNativeTarget "Multiple Views" */;
			buildPhases = (
				04FF66EF1CB2315700963529 /* Sources */,
				04FF66F01CB2315700963529 /* Frameworks */,
				04FF66F11CB2315700963529 /* Resources */,
			);
			buildRules = (
			);
			dependencies = (
			);
			name = "Multiple Views";
			productName = "Multiple Views";
			productReference = 04FF66F31CB2315700963529 /* Multiple Views.app */;
			productType = "com.apple.product-type.application";
		};
		04FF67061CB2315700963529 /* Multiple ViewsTests */ = {
			isa = PBXNativeTarget;
			buildConfigurationList = 04FF671E1CB2315700963529 /* Build configuration list for PBXNativeTarget "Multiple ViewsTests" */;
			buildPhases = (
				04FF67031CB2315700963529 /* Sources */,
				04FF67041CB2315700963529 /* Frameworks */,
				04FF67051CB2315700963529 /* Resources */,
			);
			buildRules = (
			);
			dependencies = (
				04FF67091CB2315700963529 /* PBXTargetDependency */,
			);
			name = "Multiple ViewsTests";
			productName = "Multiple ViewsTests";
			productReference = 04FF67071CB2315700963529 /* Multiple ViewsTests.xctest */;
			productType = "com.apple.product-type.bundle.unit-test";
		};
		04FF67111CB2315700963529 /* Multiple ViewsUITests */ = {
			isa = PBXNativeTarget;
			buildConfigurationList = 04FF67211CB2315700963529 /* Build configuration list for PBXNativeTarget "Multiple ViewsUITests" */;
			buildPhases = (
				04FF670E1CB2315700963529 /* Sources */,
				04FF670F1CB2315700963529 /* Frameworks */,
				04FF67101CB2315700963529 /* Resources */,
			);
			buildRules = (
			);
			dependencies = (
				04FF67141CB2315700963529 /* PBXTargetDependency */,
			);
			name = "Multiple ViewsUITests";
			productName = "Multiple ViewsUITests";
			productReference = 04FF67121CB2315700963529 /* Multiple ViewsUITests.xctest */;
			productType = "com.apple.product-type.bundle.ui-testing";
		};
/* End PBXNativeTarget section */

/* Begin PBXProject section */
		04FF66EB1CB2315700963529 /* Project object */ = {
			isa = PBXProject;
			attributes = {
				LastSwiftUpdateCheck = 0730;
				LastUpgradeCheck = 0730;
				ORGANIZATIONNAME = Jack;
				TargetAttributes = {
					04FF66F21CB2315700963529 = {
						CreatedOnToolsVersion = 7.3;
					};
					04FF67061CB2315700963529 = {
						CreatedOnToolsVersion = 7.3;
						TestTargetID = 04FF66F21CB2315700963529;
					};
					04FF67111CB2315700963529 = {
						CreatedOnToolsVersion = 7.3;
						TestTargetID = 04FF66F21CB2315700963529;
					};
				};
			};
			buildConfigurationList = 04FF66EE1CB2315700963529 /* Build configuration list for PBXProject "Multiple Views" */;
			compatibilityVersion = "Xcode 3.2";
			developmentRegion = English;
			hasScannedForEncodings = 0;
			knownRegions = (
				en,
				Base,
			);
			mainGroup = 04FF66EA1CB2315700963529;
			productRefGroup = 04FF66F41CB2315700963529 /* Products */;
			projectDirPath = "";
			projectRoot = "";
			targets = (
				04FF66F21CB2315700963529 /* Multiple Views */,
				04FF67061CB2315700963529 /* Multiple ViewsTests */,
				04FF67111CB2315700963529 /* Multiple ViewsUITests */,
			);
		};
/* End PBXProject section */

/* Begin PBXResourcesBuildPhase section */
		04FF66F11CB2315700963529 /* Resources */ = {
			isa = PBXResourcesBuildPhase;
			buildActionMask = 2147483647;
			files = (
				04FF67011CB2315700963529 /* LaunchScreen.storyboard in Resources */,
				04FF66FE1CB2315700963529 /* Assets.xcassets in Resources */,
				04FF66FC1CB2315700963529 /* Main.storyboard in Resources */,
			);
			runOnlyForDeploymentPostprocessing = 0;
		};
		04FF67051CB2315700963529 /* Resources */ = {
			isa = PBXResourcesBuildPhase;
			buildActionMask = 2147483647;
			files = (
			);
			runOnlyForDeploymentPostprocessing = 0;
		};
		04FF67101CB2315700963529 /* Resources */ = {
			isa = PBXResourcesBuildPhase;
			buildActionMask = 2147483647;
			files = (
			);
			runOnlyForDeploymentPostprocessing = 0;
		};
/* End PBXResourcesBuildPhase section */

/* Begin PBXSourcesBuildPhase section */
		04FF66EF1CB2315700963529 /* Sources */ = {
			isa = PBXSourcesBuildPhase;
			buildActionMask = 2147483647;
			files = (
				04FF66F91CB2315700963529 /* ViewController.swift in Sources */,
				04FF66F71CB2315700963529 /* AppDelegate.swift in Sources */,
				04FF67251CB23EA000963529 /* ViewController2.swift in Sources */,
			);
			runOnlyForDeploymentPostprocessing = 0;
		};
		04FF67031CB2315700963529 /* Sources */ = {
			isa = PBXSourcesBuildPhase;
			buildActionMask = 2147483647;
			files = (
				04FF670C1CB2315700963529 /* Multiple_ViewsTests.swift in Sources */,
			);
			runOnlyForDeploymentPostprocessing = 0;
		};
		04FF670E1CB2315700963529 /* Sources */ = {
			isa = PBXSourcesBuildPhase;
			buildActionMask = 2147483647;
			files = (
				04FF67171CB2315700963529 /* Multiple_ViewsUITests.swift in Sources */,
			);
			runOnlyForDeploymentPostprocessing = 0;
		};
/* End PBXSourcesBuildPhase section */

/* Begin PBXTargetDependency section */
		04FF67091CB2315700963529 /* PBXTargetDependency */ = {
			isa = PBXTargetDependency;
			target = 04FF66F21CB2315700963529 /* Multiple Views */;
			targetProxy = 04FF67081CB2315700963529 /* PBXContainerItemProxy */;
		};
		04FF67141CB2315700963529 /* PBXTargetDependency */ = {
			isa = PBXTargetDependency;
			target = 04FF66F21CB2315700963529 /* Multiple Views */;
			targetProxy = 04FF67131CB2315700963529 /* PBXContainerItemProxy */;
		};
/* End PBXTargetDependency section */

/* Begin PBXVariantGroup section */
		04FF66FA1CB2315700963529 /* Main.storyboard */ = {
			isa = PBXVariantGroup;
			children = (
				04FF66FB1CB2315700963529 /* Base */,
			);
			name = Main.storyboard;
			sourceTree = "<group>";
		};
		04FF66FF1CB2315700963529 /* LaunchScreen.storyboard */ = {
			isa = PBXVariantGroup;
			children = (
				04FF67001CB2315700963529 /* Base */,
			);
			name = LaunchScreen.storyboard;
			sourceTree = "<group>";
		};
/* End PBXVariantGroup section */

/* Begin XCBuildConfiguration section */
		04FF67191CB2315700963529 /* Debug */ = {
			isa = XCBuildConfiguration;
			buildSettings = {
				ALWAYS_SEARCH_USER_PATHS = NO;
				CLANG_ANALYZER_NONNULL = YES;
				CLANG_CXX_LANGUAGE_STANDARD = "gnu++0x";
				CLANG_CXX_LIBRARY = "libc++";
				CLANG_ENABLE_MODULES = YES;
				CLANG_ENABLE_OBJC_ARC = YES;
				CLANG_WARN_BOOL_CONVERSION = YES;
				CLANG_WARN_CONSTANT_CONVERSION = YES;
				CLANG_WARN_DIRECT_OBJC_ISA_USAGE = YES_ERROR;
				CLANG_WARN_EMPTY_BODY = YES;
				CLANG_WARN_ENUM_CONVERSION = YES;
				CLANG_WARN_INT_CONVERSION = YES;
				CLANG_WARN_OBJC_ROOT_CLASS = YES_ERROR;
				CLANG_WARN_UNREACHABLE_CODE = YES;
				CLANG_WARN__DUPLICATE_METHOD_MATCH = YES;
				"CODE_SIGN_IDENTITY[sdk=iphoneos*]" = "iPhone Developer";
				COPY_PHASE_STRIP = NO;
				DEBUG_INFORMATION_FORMAT = dwarf;
				ENABLE_STRICT_OBJC_MSGSEND = YES;
				ENABLE_TESTABILITY = YES;
				GCC_C_LANGUAGE_STANDARD = gnu99;
				GCC_DYNAMIC_NO_PIC = NO;
				GCC_NO_COMMON_BLOCKS = YES;
				GCC_OPTIMIZATION_LEVEL = 0;
				GCC_PREPROCESSOR_DEFINITIONS = (
					"DEBUG=1",
					"$(inherited)",
				);
				GCC_WARN_64_TO_32_BIT_CONVERSION = YES;
				GCC_WARN_ABOUT_RETURN_TYPE = YES_ERROR;
				GCC_WARN_UNDECLARED_SELECTOR = YES;
				GCC_WARN_UNINITIALIZED_AUTOS = YES_AGGRESSIVE;
				GCC_WARN_UNUSED_FUNCTION = YES;
				GCC_WARN_UNUSED_VARIABLE = YES;
				IPHONEOS_DEPLOYMENT_TARGET = 9.3;
				MTL_ENABLE_DEBUG_INFO = YES;
				ONLY_ACTIVE_ARCH = YES;
				SDKROOT = iphoneos;
				SWIFT_OPTIMIZATION_LEVEL = "-Onone";
				TARGETED_DEVICE_FAMILY = "1,2";
			};
			name = Debug;
		};
		04FF671A1CB2315700963529 /* Release */ = {
			isa = XCBuildConfiguration;
			buildSettings = {
				ALWAYS_SEARCH_USER_PATHS = NO;
				CLANG_ANALYZER_NONNULL = YES;
				CLANG_CXX_LANGUAGE_STANDARD = "gnu++0x";
				CLANG_CXX_LIBRARY = "libc++";
				CLANG_ENABLE_MODULES = YES;
				CLANG_ENABLE_OBJC_ARC = YES;
				CLANG_WARN_BOOL_CONVERSION = YES;
				CLANG_WARN_CONSTANT_CONVERSION = YES;
				CLANG_WARN_DIRECT_OBJC_ISA_USAGE = YES_ERROR;
				CLANG_WARN_EMPTY_BODY = YES;
				CLANG_WARN_ENUM_CONVERSION = YES;
				CLANG_WARN_INT_CONVERSION = YES;
				CLANG_WARN_OBJC_ROOT_CLASS = YES_ERROR;
				CLANG_WARN_UNREACHABLE_CODE = YES;
				CLANG_WARN__DUPLICATE_METHOD_MATCH = YES;
				"CODE_SIGN_IDENTITY[sdk=iphoneos*]" = "iPhone Developer";
				COPY_PHASE_STRIP = NO;
				DEBUG_INFORMATION_FORMAT = "dwarf-with-dsym";
				ENABLE_NS_ASSERTIONS = NO;
				ENABLE_STRICT_OBJC_MSGSEND = YES;
				GCC_C_LANGUAGE_STANDARD = gnu99;
				GCC_NO_COMMON_BLOCKS = YES;
				GCC_WARN_64_TO_32_BIT_CONVERSION = YES;
				GCC_WARN_ABOUT_RETURN_TYPE = YES_ERROR;
				GCC_WARN_UNDECLARED_SELECTOR = YES;
				GCC_WARN_UNINITIALIZED_AUTOS = YES_AGGRESSIVE;
				GCC_WARN_UNUSED_FUNCTION = YES;
				GCC_WARN_UNUSED_VARIABLE = YES;
				IPHONEOS_DEPLOYMENT_TARGET = 9.3;
				MTL_ENABLE_DEBUG_INFO = NO;
				SDKROOT = iphoneos;
				TARGETED_DEVICE_FAMILY = "1,2";
				VALIDATE_PRODUCT = YES;
			};
			name = Release;
		};
		04FF671C1CB2315700963529 /* Debug */ = {
			isa = XCBuildConfiguration;
			buildSettings = {
				ASSETCATALOG_COMPILER_APPICON_NAME = AppIcon;
				INFOPLIST_FILE = "Multiple Views/Info.plist";
				LD_RUNPATH_SEARCH_PATHS = "$(inherited) @executable_path/Frameworks";
				PRODUCT_BUNDLE_IDENTIFIER = "me.jakir.Multiple-Views";
				PRODUCT_NAME = "$(TARGET_NAME)";
			};
			name = Debug;
		};
		04FF671D1CB2315700963529 /* Release */ = {
			isa = XCBuildConfiguration;
			buildSettings = {
				ASSETCATALOG_COMPILER_APPICON_NAME = AppIcon;
				INFOPLIST_FILE = "Multiple Views/Info.plist";
				LD_RUNPATH_SEARCH_PATHS = "$(inherited) @executable_path/Frameworks";
				PRODUCT_BUNDLE_IDENTIFIER = "me.jakir.Multiple-Views";
				PRODUCT_NAME = "$(TARGET_NAME)";
			};
			name = Release;
		};
		04FF671F1CB2315700963529 /* Debug */ = {
			isa = XCBuildConfiguration;
			buildSettings = {
				BUNDLE_LOADER = "$(TEST_HOST)";
				INFOPLIST_FILE = "Multiple ViewsTests/Info.plist";
				LD_RUNPATH_SEARCH_PATHS = "$(inherited) @executable_path/Frameworks @loader_path/Frameworks";
				PRODUCT_BUNDLE_IDENTIFIER = "me.jakir.Multiple-ViewsTests";
				PRODUCT_NAME = "$(TARGET_NAME)";
				TEST_HOST = "$(BUILT_PRODUCTS_DIR)/Multiple Views.app/Multiple Views";
			};
			name = Debug;
		};
		04FF67201CB2315700963529 /* Release */ = {
			isa = XCBuildConfiguration;
			buildSettings = {
				BUNDLE_LOADER = "$(TEST_HOST)";
				INFOPLIST_FILE = "Multiple ViewsTests/Info.plist";
				LD_RUNPATH_SEARCH_PATHS = "$(inherited) @executable_path/Frameworks @loader_path/Frameworks";
				PRODUCT_BUNDLE_IDENTIFIER = "me.jakir.Multiple-ViewsTests";
				PRODUCT_NAME = "$(TARGET_NAME)";
				TEST_HOST = "$(BUILT_PRODUCTS_DIR)/Multiple Views.app/Multiple Views";
			};
			name = Release;
		};
		04FF67221CB2315700963529 /* Debug */ = {
			isa = XCBuildConfiguration;
			buildSettings = {
				INFOPLIST_FILE = "Multiple ViewsUITests/Info.plist";
				LD_RUNPATH_SEARCH_PATHS = "$(inherited) @executable_path/Frameworks @loader_path/Frameworks";
				PRODUCT_BUNDLE_IDENTIFIER = "me.jakir.Multiple-ViewsUITests";
				PRODUCT_NAME = "$(TARGET_NAME)";
				TEST_TARGET_NAME = "Multiple Views";
			};
			name = Debug;
		};
		04FF67231CB2315700963529 /* Release */ = {
			isa = XCBuildConfiguration;
			buildSettings = {
				INFOPLIST_FILE = "Multiple ViewsUITests/Info.plist";
				LD_RUNPATH_SEARCH_PATHS = "$(inherited) @executable_path/Frameworks @loader_path/Frameworks";
				PRODUCT_BUNDLE_IDENTIFIER = "me.jakir.Multiple-ViewsUITests";
				PRODUCT_NAME = "$(TARGET_NAME)";
				TEST_TARGET_NAME = "Multiple Views";
			};
			name = Release;
		};
/* End XCBuildConfiguration section */

/* Begin XCConfigurationList section */
		04FF66EE1CB2315700963529 /* Build configuration list for PBXProject "Multiple Views" */ = {
			isa = XCConfigurationList;
			buildConfigurations = (
				04FF67191CB2315700963529 /* Debug */,
				04FF671A1CB2315700963529 /* Release */,
			);
			defaultConfigurationIsVisible = 0;
			defaultConfigurationName = Release;
		};
		04FF671B1CB2315700963529 /* Build configuration list for PBXNativeTarget "Multiple Views" */ = {
			isa = XCConfigurationList;
			buildConfigurations = (
				04FF671C1CB2315700963529 /* Debug */,
				04FF671D1CB2315700963529 /* Release */,
			);
			defaultConfigurationIsVisible = 0;
		};
		04FF671E1CB2315700963529 /* Build configuration list for PBXNativeTarget "Multiple ViewsTests" */ = {
			isa = XCConfigurationList;
			buildConfigurations = (
				04FF671F1CB2315700963529 /* Debug */,
				04FF67201CB2315700963529 /* Release */,
			);
			defaultConfigurationIsVisible = 0;
		};
		04FF67211CB2315700963529 /* Build configuration list for PBXNativeTarget "Multiple ViewsUITests" */ = {
			isa = XCConfigurationList;
			buildConfigurations = (
				04FF67221CB2315700963529 /* Debug */,
				04FF67231CB2315700963529 /* Release */,
			);
			defaultConfigurationIsVisible = 0;
		};
/* End XCConfigurationList section */
	};
	rootObject = 04FF66EB1CB2315700963529 /* Project object */;
}
