// !$*UTF8*$!
{
	archiveVersion = 1;
	classes = {
	};
	objectVersion = 46;
	objects = {

/* Begin PBXBuildFile section */
		0462533B1CA0709300EC4931 /* AppDelegate.swift in Sources */ = {isa = PBXBuildFile; fileRef = 0462533A1CA0709300EC4931 /* AppDelegate.swift */; };
		0462533D1CA0709300EC4931 /* ViewController.swift in Sources */ = {isa = PBXBuildFile; fileRef = 0462533C1CA0709300EC4931 /* ViewController.swift */; };
		046253401CA0709300EC4931 /* Main.storyboard in Resources */ = {isa = PBXBuildFile; fileRef = 0462533E1CA0709300EC4931 /* Main.storyboard */; };
		046253421CA0709300EC4931 /* Assets.xcassets in Resources */ = {isa = PBXBuildFile; fileRef = 046253411CA0709300EC4931 /* Assets.xcassets */; };
		046253451CA0709300EC4931 /* LaunchScreen.storyboard in Resources */ = {isa = PBXBuildFile; fileRef = 046253431CA0709300EC4931 /* LaunchScreen.storyboard */; };
		046253501CA0709300EC4931 /* Table_IntoTests.swift in Sources */ = {isa = PBXBuildFile; fileRef = 0462534F1CA0709300EC4931 /* Table_IntoTests.swift */; };
		0462535B1CA0709300EC4931 /* Table_IntoUITests.swift in Sources */ = {isa = PBXBuildFile; fileRef = 0462535A1CA0709300EC4931 /* Table_IntoUITests.swift */; };
/* End PBXBuildFile section */

/* Begin PBXContainerItemProxy section */
		0462534C1CA0709300EC4931 /* PBXContainerItemProxy */ = {
			isa = PBXContainerItemProxy;
			containerPortal = 0462532F1CA0709200EC4931 /* Project object */;
			proxyType = 1;
			remoteGlobalIDString = 046253361CA0709300EC4931;
			remoteInfo = "Table Into";
		};
		046253571CA0709300EC4931 /* PBXContainerItemProxy */ = {
			isa = PBXContainerItemProxy;
			containerPortal = 0462532F1CA0709200EC4931 /* Project object */;
			proxyType = 1;
			remoteGlobalIDString = 046253361CA0709300EC4931;
			remoteInfo = "Table Into";
		};
/* End PBXContainerItemProxy section */

/* Begin PBXFileReference section */
		046253371CA0709300EC4931 /* Table Into.app */ = {isa = PBXFileReference; explicitFileType = wrapper.application; includeInIndex = 0; path = "Table Into.app"; sourceTree = BUILT_PRODUCTS_DIR; };
		0462533A1CA0709300EC4931 /* AppDelegate.swift */ = {isa = PBXFileReference; lastKnownFileType = sourcecode.swift; path = AppDelegate.swift; sourceTree = "<group>"; };
		0462533C1CA0709300EC4931 /* ViewController.swift */ = {isa = PBXFileReference; lastKnownFileType = sourcecode.swift; path = ViewController.swift; sourceTree = "<group>"; };
		0462533F1CA0709300EC4931 /* Base */ = {isa = PBXFileReference; lastKnownFileType = file.storyboard; name = Base; path = Base.lproj/Main.storyboard; sourceTree = "<group>"; };
		046253411CA0709300EC4931 /* Assets.xcassets */ = {isa = PBXFileReference; lastKnownFileType = folder.assetcatalog; path = Assets.xcassets; sourceTree = "<group>"; };
		046253441CA0709300EC4931 /* Base */ = {isa = PBXFileReference; lastKnownFileType = file.storyboard; name = Base; path = Base.lproj/LaunchScreen.storyboard; sourceTree = "<group>"; };
		046253461CA0709300EC4931 /* Info.plist */ = {isa = PBXFileReference; lastKnownFileType = text.plist.xml; path = Info.plist; sourceTree = "<group>"; };
		0462534B1CA0709300EC4931 /* Table IntoTests.xctest */ = {isa = PBXFileReference; explicitFileType = wrapper.cfbundle; includeInIndex = 0; path = "Table IntoTests.xctest"; sourceTree = BUILT_PRODUCTS_DIR; };
		0462534F1CA0709300EC4931 /* Table_IntoTests.swift */ = {isa = PBXFileReference; lastKnownFileType = sourcecode.swift; path = Table_IntoTests.swift; sourceTree = "<group>"; };
		046253511CA0709300EC4931 /* Info.plist */ = {isa = PBXFileReference; lastKnownFileType = text.plist.xml; path = Info.plist; sourceTree = "<group>"; };
		046253561CA0709300EC4931 /* Table IntoUITests.xctest */ = {isa = PBXFileReference; explicitFileType = wrapper.cfbundle; includeInIndex = 0; path = "Table IntoUITests.xctest"; sourceTree = BUILT_PRODUCTS_DIR; };
		0462535A1CA0709300EC4931 /* Table_IntoUITests.swift */ = {isa = PBXFileReference; lastKnownFileType = sourcecode.swift; path = Table_IntoUITests.swift; sourceTree = "<group>"; };
		0462535C1CA0709300EC4931 /* Info.plist */ = {isa = PBXFileReference; lastKnownFileType = text.plist.xml; path = Info.plist; sourceTree = "<group>"; };
/* End PBXFileReference section */

/* Begin PBXFrameworksBuildPhase section */
		046253341CA0709300EC4931 /* Frameworks */ = {
			isa = PBXFrameworksBuildPhase;
			buildActionMask = 2147483647;
			files = (
			);
			runOnlyForDeploymentPostprocessing = 0;
		};
		046253481CA0709300EC4931 /* Frameworks */ = {
			isa = PBXFrameworksBuildPhase;
			buildActionMask = 2147483647;
			files = (
			);
			runOnlyForDeploymentPostprocessing = 0;
		};
		046253531CA0709300EC4931 /* Frameworks */ = {
			isa = PBXFrameworksBuildPhase;
			buildActionMask = 2147483647;
			files = (
			);
			runOnlyForDeploymentPostprocessing = 0;
		};
/* End PBXFrameworksBuildPhase section */

/* Begin PBXGroup section */
		0462532E1CA0709200EC4931 = {
			isa = PBXGroup;
			children = (
				046253391CA0709300EC4931 /* Table Into */,
				0462534E1CA0709300EC4931 /* Table IntoTests */,
				046253591CA0709300EC4931 /* Table IntoUITests */,
				046253381CA0709300EC4931 /* Products */,
			);
			sourceTree = "<group>";
		};
		046253381CA0709300EC4931 /* Products */ = {
			isa = PBXGroup;
			children = (
				046253371CA0709300EC4931 /* Table Into.app */,
				0462534B1CA0709300EC4931 /* Table IntoTests.xctest */,
				046253561CA0709300EC4931 /* Table IntoUITests.xctest */,
			);
			name = Products;
			sourceTree = "<group>";
		};
		046253391CA0709300EC4931 /* Table Into */ = {
			isa = PBXGroup;
			children = (
				0462533A1CA0709300EC4931 /* AppDelegate.swift */,
				0462533C1CA0709300EC4931 /* ViewController.swift */,
				0462533E1CA0709300EC4931 /* Main.storyboard */,
				046253411CA0709300EC4931 /* Assets.xcassets */,
				046253431CA0709300EC4931 /* LaunchScreen.storyboard */,
				046253461CA0709300EC4931 /* Info.plist */,
			);
			path = "Table Into";
			sourceTree = "<group>";
		};
		0462534E1CA0709300EC4931 /* Table IntoTests */ = {
			isa = PBXGroup;
			children = (
				0462534F1CA0709300EC4931 /* Table_IntoTests.swift */,
				046253511CA0709300EC4931 /* Info.plist */,
			);
			path = "Table IntoTests";
			sourceTree = "<group>";
		};
		046253591CA0709300EC4931 /* Table IntoUITests */ = {
			isa = PBXGroup;
			children = (
				0462535A1CA0709300EC4931 /* Table_IntoUITests.swift */,
				0462535C1CA0709300EC4931 /* Info.plist */,
			);
			path = "Table IntoUITests";
			sourceTree = "<group>";
		};
/* End PBXGroup section */

/* Begin PBXNativeTarget section */
		046253361CA0709300EC4931 /* Table Into */ = {
			isa = PBXNativeTarget;
			buildConfigurationList = 0462535F1CA0709300EC4931 /* Build configuration list for PBXNativeTarget "Table Into" */;
			buildPhases = (
				046253331CA0709300EC4931 /* Sources */,
				046253341CA0709300EC4931 /* Frameworks */,
				046253351CA0709300EC4931 /* Resources */,
			);
			buildRules = (
			);
			dependencies = (
			);
			name = "Table Into";
			productName = "Table Into";
			productReference = 046253371CA0709300EC4931 /* Table Into.app */;
			productType = "com.apple.product-type.application";
		};
		0462534A1CA0709300EC4931 /* Table IntoTests */ = {
			isa = PBXNativeTarget;
			buildConfigurationList = 046253621CA0709300EC4931 /* Build configuration list for PBXNativeTarget "Table IntoTests" */;
			buildPhases = (
				046253471CA0709300EC4931 /* Sources */,
				046253481CA0709300EC4931 /* Frameworks */,
				046253491CA0709300EC4931 /* Resources */,
			);
			buildRules = (
			);
			dependencies = (
				0462534D1CA0709300EC4931 /* PBXTargetDependency */,
			);
			name = "Table IntoTests";
			productName = "Table IntoTests";
			productReference = 0462534B1CA0709300EC4931 /* Table IntoTests.xctest */;
			productType = "com.apple.product-type.bundle.unit-test";
		};
		046253551CA0709300EC4931 /* Table IntoUITests */ = {
			isa = PBXNativeTarget;
			buildConfigurationList = 046253651CA0709300EC4931 /* Build configuration list for PBXNativeTarget "Table IntoUITests" */;
			buildPhases = (
				046253521CA0709300EC4931 /* Sources */,
				046253531CA0709300EC4931 /* Frameworks */,
				046253541CA0709300EC4931 /* Resources */,
			);
			buildRules = (
			);
			dependencies = (
				046253581CA0709300EC4931 /* PBXTargetDependency */,
			);
			name = "Table IntoUITests";
			productName = "Table IntoUITests";
			productReference = 046253561CA0709300EC4931 /* Table IntoUITests.xctest */;
			productType = "com.apple.product-type.bundle.ui-testing";
		};
/* End PBXNativeTarget section */

/* Begin PBXProject section */
		0462532F1CA0709200EC4931 /* Project object */ = {
			isa = PBXProject;
			attributes = {
				LastSwiftUpdateCheck = 0720;
				LastUpgradeCheck = 0720;
				ORGANIZATIONNAME = Jack;
				TargetAttributes = {
					046253361CA0709300EC4931 = {
						CreatedOnToolsVersion = 7.2.1;
					};
					0462534A1CA0709300EC4931 = {
						CreatedOnToolsVersion = 7.2.1;
						TestTargetID = 046253361CA0709300EC4931;
					};
					046253551CA0709300EC4931 = {
						CreatedOnToolsVersion = 7.2.1;
						TestTargetID = 046253361CA0709300EC4931;
					};
				};
			};
			buildConfigurationList = 046253321CA0709200EC4931 /* Build configuration list for PBXProject "Table Into" */;
			compatibilityVersion = "Xcode 3.2";
			developmentRegion = English;
			hasScannedForEncodings = 0;
			knownRegions = (
				en,
				Base,
			);
			mainGroup = 0462532E1CA0709200EC4931;
			productRefGroup = 046253381CA0709300EC4931 /* Products */;
			projectDirPath = "";
			projectRoot = "";
			targets = (
				046253361CA0709300EC4931 /* Table Into */,
				0462534A1CA0709300EC4931 /* Table IntoTests */,
				046253551CA0709300EC4931 /* Table IntoUITests */,
			);
		};
/* End PBXProject section */

/* Begin PBXResourcesBuildPhase section */
		046253351CA0709300EC4931 /* Resources */ = {
			isa = PBXResourcesBuildPhase;
			buildActionMask = 2147483647;
			files = (
				046253451CA0709300EC4931 /* LaunchScreen.storyboard in Resources */,
				046253421CA0709300EC4931 /* Assets.xcassets in Resources */,
				046253401CA0709300EC4931 /* Main.storyboard in Resources */,
			);
			runOnlyForDeploymentPostprocessing = 0;
		};
		046253491CA0709300EC4931 /* Resources */ = {
			isa = PBXResourcesBuildPhase;
			buildActionMask = 2147483647;
			files = (
			);
			runOnlyForDeploymentPostprocessing = 0;
		};
		046253541CA0709300EC4931 /* Resources */ = {
			isa = PBXResourcesBuildPhase;
			buildActionMask = 2147483647;
			files = (
			);
			runOnlyForDeploymentPostprocessing = 0;
		};
/* End PBXResourcesBuildPhase section */

/* Begin PBXSourcesBuildPhase section */
		046253331CA0709300EC4931 /* Sources */ = {
			isa = PBXSourcesBuildPhase;
			buildActionMask = 2147483647;
			files = (
				0462533D1CA0709300EC4931 /* ViewController.swift in Sources */,
				0462533B1CA0709300EC4931 /* AppDelegate.swift in Sources */,
			);
			runOnlyForDeploymentPostprocessing = 0;
		};
		046253471CA0709300EC4931 /* Sources */ = {
			isa = PBXSourcesBuildPhase;
			buildActionMask = 2147483647;
			files = (
				046253501CA0709300EC4931 /* Table_IntoTests.swift in Sources */,
			);
			runOnlyForDeploymentPostprocessing = 0;
		};
		046253521CA0709300EC4931 /* Sources */ = {
			isa = PBXSourcesBuildPhase;
			buildActionMask = 2147483647;
			files = (
				0462535B1CA0709300EC4931 /* Table_IntoUITests.swift in Sources */,
			);
			runOnlyForDeploymentPostprocessing = 0;
		};
/* End PBXSourcesBuildPhase section */

/* Begin PBXTargetDependency section */
		0462534D1CA0709300EC4931 /* PBXTargetDependency */ = {
			isa = PBXTargetDependency;
			target = 046253361CA0709300EC4931 /* Table Into */;
			targetProxy = 0462534C1CA0709300EC4931 /* PBXContainerItemProxy */;
		};
		046253581CA0709300EC4931 /* PBXTargetDependency */ = {
			isa = PBXTargetDependency;
			target = 046253361CA0709300EC4931 /* Table Into */;
			targetProxy = 046253571CA0709300EC4931 /* PBXContainerItemProxy */;
		};
/* End PBXTargetDependency section */

/* Begin PBXVariantGroup section */
		0462533E1CA0709300EC4931 /* Main.storyboard */ = {
			isa = PBXVariantGroup;
			children = (
				0462533F1CA0709300EC4931 /* Base */,
			);
			name = Main.storyboard;
			sourceTree = "<group>";
		};
		046253431CA0709300EC4931 /* LaunchScreen.storyboard */ = {
			isa = PBXVariantGroup;
			children = (
				046253441CA0709300EC4931 /* Base */,
			);
			name = LaunchScreen.storyboard;
			sourceTree = "<group>";
		};
/* End PBXVariantGroup section */

/* Begin XCBuildConfiguration section */
		0462535D1CA0709300EC4931 /* Debug */ = {
			isa = XCBuildConfiguration;
			buildSettings = {
				ALWAYS_SEARCH_USER_PATHS = NO;
				CLANG_CXX_LANGUAGE_STANDARD = "gnu++0x";
				CLANG_CXX_LIBRARY = "libc++";
				CLANG_ENABLE_MODULES = YES;
				CLANG_ENABLE_OBJC_ARC = YES;
				CLANG_WARN_BOOL_CONVERSION = YES;
				CLANG_WARN_CONSTANT_CONVERSION = YES;
				CLANG_WARN_DIRECT_OBJC_ISA_USAGE = YES_ERROR;
				CLANG_WARN_EMPTY_BODY = YES;
				CLANG_WARN_ENUM_CONVERSION = YES;
				CLANG_WARN_INT_CONVERSION = YES;
				CLANG_WARN_OBJC_ROOT_CLASS = YES_ERROR;
				CLANG_WARN_UNREACHABLE_CODE = YES;
				CLANG_WARN__DUPLICATE_METHOD_MATCH = YES;
				"CODE_SIGN_IDENTITY[sdk=iphoneos*]" = "iPhone Developer";
				COPY_PHASE_STRIP = NO;
				DEBUG_INFORMATION_FORMAT = dwarf;
				ENABLE_STRICT_OBJC_MSGSEND = YES;
				ENABLE_TESTABILITY = YES;
				GCC_C_LANGUAGE_STANDARD = gnu99;
				GCC_DYNAMIC_NO_PIC = NO;
				GCC_NO_COMMON_BLOCKS = YES;
				GCC_OPTIMIZATION_LEVEL = 0;
				GCC_PREPROCESSOR_DEFINITIONS = (
					"DEBUG=1",
					"$(inherited)",
				);
				GCC_WARN_64_TO_32_BIT_CONVERSION = YES;
				GCC_WARN_ABOUT_RETURN_TYPE = YES_ERROR;
				GCC_WARN_UNDECLARED_SELECTOR = YES;
				GCC_WARN_UNINITIALIZED_AUTOS = YES_AGGRESSIVE;
				GCC_WARN_UNUSED_FUNCTION = YES;
				GCC_WARN_UNUSED_VARIABLE = YES;
				IPHONEOS_DEPLOYMENT_TARGET = 9.2;
				MTL_ENABLE_DEBUG_INFO = YES;
				ONLY_ACTIVE_ARCH = YES;
				SDKROOT = iphoneos;
				SWIFT_OPTIMIZATION_LEVEL = "-Onone";
				TARGETED_DEVICE_FAMILY = "1,2";
			};
			name = Debug;
		};
		0462535E1CA0709300EC4931 /* Release */ = {
			isa = XCBuildConfiguration;
			buildSettings = {
				ALWAYS_SEARCH_USER_PATHS = NO;
				CLANG_CXX_LANGUAGE_STANDARD = "gnu++0x";
				CLANG_CXX_LIBRARY = "libc++";
				CLANG_ENABLE_MODULES = YES;
				CLANG_ENABLE_OBJC_ARC = YES;
				CLANG_WARN_BOOL_CONVERSION = YES;
				CLANG_WARN_CONSTANT_CONVERSION = YES;
				CLANG_WARN_DIRECT_OBJC_ISA_USAGE = YES_ERROR;
				CLANG_WARN_EMPTY_BODY = YES;
				CLANG_WARN_ENUM_CONVERSION = YES;
				CLANG_WARN_INT_CONVERSION = YES;
				CLANG_WARN_OBJC_ROOT_CLASS = YES_ERROR;
				CLANG_WARN_UNREACHABLE_CODE = YES;
				CLANG_WARN__DUPLICATE_METHOD_MATCH = YES;
				"CODE_SIGN_IDENTITY[sdk=iphoneos*]" = "iPhone Developer";
				COPY_PHASE_STRIP = NO;
				DEBUG_INFORMATION_FORMAT = "dwarf-with-dsym";
				ENABLE_NS_ASSERTIONS = NO;
				ENABLE_STRICT_OBJC_MSGSEND = YES;
				GCC_C_LANGUAGE_STANDARD = gnu99;
				GCC_NO_COMMON_BLOCKS = YES;
				GCC_WARN_64_TO_32_BIT_CONVERSION = YES;
				GCC_WARN_ABOUT_RETURN_TYPE = YES_ERROR;
				GCC_WARN_UNDECLARED_SELECTOR = YES;
				GCC_WARN_UNINITIALIZED_AUTOS = YES_AGGRESSIVE;
				GCC_WARN_UNUSED_FUNCTION = YES;
				GCC_WARN_UNUSED_VARIABLE = YES;
				IPHONEOS_DEPLOYMENT_TARGET = 9.2;
				MTL_ENABLE_DEBUG_INFO = NO;
				SDKROOT = iphoneos;
				TARGETED_DEVICE_FAMILY = "1,2";
				VALIDATE_PRODUCT = YES;
			};
			name = Release;
		};
		046253601CA0709300EC4931 /* Debug */ = {
			isa = XCBuildConfiguration;
			buildSettings = {
				ASSETCATALOG_COMPILER_APPICON_NAME = AppIcon;
				INFOPLIST_FILE = "Table Into/Info.plist";
				LD_RUNPATH_SEARCH_PATHS = "$(inherited) @executable_path/Frameworks";
				PRODUCT_BUNDLE_IDENTIFIER = "me.jakir.Table-Into";
				PRODUCT_NAME = "$(TARGET_NAME)";
			};
			name = Debug;
		};
		046253611CA0709300EC4931 /* Release */ = {
			isa = XCBuildConfiguration;
			buildSettings = {
				ASSETCATALOG_COMPILER_APPICON_NAME = AppIcon;
				INFOPLIST_FILE = "Table Into/Info.plist";
				LD_RUNPATH_SEARCH_PATHS = "$(inherited) @executable_path/Frameworks";
				PRODUCT_BUNDLE_IDENTIFIER = "me.jakir.Table-Into";
				PRODUCT_NAME = "$(TARGET_NAME)";
			};
			name = Release;
		};
		046253631CA0709300EC4931 /* Debug */ = {
			isa = XCBuildConfiguration;
			buildSettings = {
				BUNDLE_LOADER = "$(TEST_HOST)";
				INFOPLIST_FILE = "Table IntoTests/Info.plist";
				LD_RUNPATH_SEARCH_PATHS = "$(inherited) @executable_path/Frameworks @loader_path/Frameworks";
				PRODUCT_BUNDLE_IDENTIFIER = "me.jakir.Table-IntoTests";
				PRODUCT_NAME = "$(TARGET_NAME)";
				TEST_HOST = "$(BUILT_PRODUCTS_DIR)/Table Into.app/Table Into";
			};
			name = Debug;
		};
		046253641CA0709300EC4931 /* Release */ = {
			isa = XCBuildConfiguration;
			buildSettings = {
				BUNDLE_LOADER = "$(TEST_HOST)";
				INFOPLIST_FILE = "Table IntoTests/Info.plist";
				LD_RUNPATH_SEARCH_PATHS = "$(inherited) @executable_path/Frameworks @loader_path/Frameworks";
				PRODUCT_BUNDLE_IDENTIFIER = "me.jakir.Table-IntoTests";
				PRODUCT_NAME = "$(TARGET_NAME)";
				TEST_HOST = "$(BUILT_PRODUCTS_DIR)/Table Into.app/Table Into";
			};
			name = Release;
		};
		046253661CA0709300EC4931 /* Debug */ = {
			isa = XCBuildConfiguration;
			buildSettings = {
				INFOPLIST_FILE = "Table IntoUITests/Info.plist";
				LD_RUNPATH_SEARCH_PATHS = "$(inherited) @executable_path/Frameworks @loader_path/Frameworks";
				PRODUCT_BUNDLE_IDENTIFIER = "me.jakir.Table-IntoUITests";
				PRODUCT_NAME = "$(TARGET_NAME)";
				TEST_TARGET_NAME = "Table Into";
				USES_XCTRUNNER = YES;
			};
			name = Debug;
		};
		046253671CA0709300EC4931 /* Release */ = {
			isa = XCBuildConfiguration;
			buildSettings = {
				INFOPLIST_FILE = "Table IntoUITests/Info.plist";
				LD_RUNPATH_SEARCH_PATHS = "$(inherited) @executable_path/Frameworks @loader_path/Frameworks";
				PRODUCT_BUNDLE_IDENTIFIER = "me.jakir.Table-IntoUITests";
				PRODUCT_NAME = "$(TARGET_NAME)";
				TEST_TARGET_NAME = "Table Into";
				USES_XCTRUNNER = YES;
			};
			name = Release;
		};
/* End XCBuildConfiguration section */

/* Begin XCConfigurationList section */
		046253321CA0709200EC4931 /* Build configuration list for PBXProject "Table Into" */ = {
			isa = XCConfigurationList;
			buildConfigurations = (
				0462535D1CA0709300EC4931 /* Debug */,
				0462535E1CA0709300EC4931 /* Release */,
			);
			defaultConfigurationIsVisible = 0;
			defaultConfigurationName = Release;
		};
		0462535F1CA0709300EC4931 /* Build configuration list for PBXNativeTarget "Table Into" */ = {
			isa = XCConfigurationList;
			buildConfigurations = (
				046253601CA0709300EC4931 /* Debug */,
				046253611CA0709300EC4931 /* Release */,
			);
			defaultConfigurationIsVisible = 0;
		};
		046253621CA0709300EC4931 /* Build configuration list for PBXNativeTarget "Table IntoTests" */ = {
			isa = XCConfigurationList;
			buildConfigurations = (
				046253631CA0709300EC4931 /* Debug */,
				046253641CA0709300EC4931 /* Release */,
			);
			defaultConfigurationIsVisible = 0;
		};
		046253651CA0709300EC4931 /* Build configuration list for PBXNativeTarget "Table IntoUITests" */ = {
			isa = XCConfigurationList;
			buildConfigurations = (
				046253661CA0709300EC4931 /* Debug */,
				046253671CA0709300EC4931 /* Release */,
			);
			defaultConfigurationIsVisible = 0;
		};
/* End XCConfigurationList section */
	};
	rootObject = 0462532F1CA0709200EC4931 /* Project object */;
}
